uuid: a3da0ee8-eeda-4645-bb25-34f876cbc107
langcode: en
status: true
dependencies:
  module:
    - block_class
    - wxt_library
  theme:
    - wxt_bootstrap
_core:
  default_config_hash: wPBZHO-aYprNBIT4Y_rykUYBQnvfPnx-rJLctUd30Sk
id: datemodifiedblock
theme: wxt_bootstrap
region: content_footer
weight: -7
provider: null
plugin: date_modified_block
settings:
  id: date_modified_block
  label: 'Date Modified'
  provider: wxt_library
  label_display: '0'
  date_format:
    page: page
  date_modified: tiny
visibility: {  }
